
Microsoft Visual Studio Solution File, Format Version 12.00
# Visual Studio 15
VisualStudioVersion = 15.0.28307.1525
MinimumVisualStudioVersion = 10.0.40219.1
Project("{FAE04EC0-301F-11D3-BF4B-00C04F79EFBC}") = "WebAppMVC", "WebAppMVC\WebAppMVC.csproj", "{1474EF7A-5B51-4B66-A259-EBA59374BC28}"
EndProject
Global
	GlobalSection(SolutionConfigurationPlatforms) = preSolution
		Debug|Any CPU = Debug|Any CPU
		Release|Any CPU = Release|Any CPU
	EndGlobalSection
	GlobalSection(ProjectConfigurationPlatforms) = postSolution
		{1474EF7A-5B51-4B66-A259-EBA59374BC28}.Debug|Any CPU.ActiveCfg = Debug|Any CPU
		{1474EF7A-5B51-4B66-A259-EBA59374BC28}.Debug|Any CPU.Build.0 = Debug|Any CPU
		{1474EF7A-5B51-4B66-A259-EBA59374BC28}.Release|Any CPU.ActiveCfg = Release|Any CPU
		{1474EF7A-5B51-4B66-A259-EBA59374BC28}.Release|Any CPU.Build.0 = Release|Any CPU
	EndGlobalSection
	GlobalSection(SolutionProperties) = preSolution
		HideSolutionNode = FALSE
	EndGlobalSection
	GlobalSection(ExtensibilityGlobals) = postSolution
		SolutionGuid = {C8C00CC9-3CE5-4A93-B42E-AFF33E0B2ED0}
	EndGlobalSection
EndGlobal
